
Microsoft Visual Studio Solution File, Format Version 12.00
# Visual Studio Version 17
VisualStudioVersion = 17.11.35312.102
MinimumVisualStudioVersion = 10.0.40219.1
Project("{FAE04EC0-301F-11D3-BF4B-00C04F79EFBC}") = "BookAnalysisApp.Data", "BookAnalysisApp.Data\BookAnalysisApp.Data.csproj", "{FC564DF4-A182-4442-920F-6DACEE481B6E}"
EndProject
Project("{FAE04EC0-301F-11D3-BF4B-00C04F79EFBC}") = "BookAnalysisApp.Endpoint", "BookAnalysisApp.Endpoint\BookAnalysisApp.Endpoint.csproj", "{F369FFDB-FAE7-4902-BB44-48564A99D529}"
EndProject
Project("{FAE04EC0-301F-11D3-BF4B-00C04F79EFBC}") = "BookAnalysisApp.Entities", "BookAnalysisApp.Entities\BookAnalysisApp.Entities.csproj", "{4E2DBA30-F1E8-4A3F-AC79-BD15D7C8BD1D}"
EndProject
Project("{FAE04EC0-301F-11D3-BF4B-00C04F79EFBC}") = "BookUploaderConsoleApp", "BookUploaderConsoleApp\BookUploaderConsoleApp.csproj", "{78BD3887-AF02-4742-9F09-67A509DF23F9}"
EndProject
Project("{FAE04EC0-301F-11D3-BF4B-00C04F79EFBC}") = "BookAnalysisApp.Logic", "BookAnalysisApp.Logic\BookAnalysisApp.Logic.csproj", "{C8A9C978-885E-4D5C-86AC-61493CDD223E}"
EndProject
Global
	GlobalSection(SolutionConfigurationPlatforms) = preSolution
		Debug|Any CPU = Debug|Any CPU
		Release|Any CPU = Release|Any CPU
	EndGlobalSection
	GlobalSection(ProjectConfigurationPlatforms) = postSolution
		{FC564DF4-A182-4442-920F-6DACEE481B6E}.Debug|Any CPU.ActiveCfg = Debug|Any CPU
		{FC564DF4-A182-4442-920F-6DACEE481B6E}.Debug|Any CPU.Build.0 = Debug|Any CPU
		{FC564DF4-A182-4442-920F-6DACEE481B6E}.Release|Any CPU.ActiveCfg = Release|Any CPU
		{FC564DF4-A182-4442-920F-6DACEE481B6E}.Release|Any CPU.Build.0 = Release|Any CPU
		{F369FFDB-FAE7-4902-BB44-48564A99D529}.Debug|Any CPU.ActiveCfg = Debug|Any CPU
		{F369FFDB-FAE7-4902-BB44-48564A99D529}.Debug|Any CPU.Build.0 = Debug|Any CPU
		{F369FFDB-FAE7-4902-BB44-48564A99D529}.Release|Any CPU.ActiveCfg = Release|Any CPU
		{F369FFDB-FAE7-4902-BB44-48564A99D529}.Release|Any CPU.Build.0 = Release|Any CPU
		{4E2DBA30-F1E8-4A3F-AC79-BD15D7C8BD1D}.Debug|Any CPU.ActiveCfg = Debug|Any CPU
		{4E2DBA30-F1E8-4A3F-AC79-BD15D7C8BD1D}.Debug|Any CPU.Build.0 = Debug|Any CPU
		{4E2DBA30-F1E8-4A3F-AC79-BD15D7C8BD1D}.Release|Any CPU.ActiveCfg = Release|Any CPU
		{4E2DBA30-F1E8-4A3F-AC79-BD15D7C8BD1D}.Release|Any CPU.Build.0 = Release|Any CPU
		{78BD3887-AF02-4742-9F09-67A509DF23F9}.Debug|Any CPU.ActiveCfg = Debug|Any CPU
		{78BD3887-AF02-4742-9F09-67A509DF23F9}.Debug|Any CPU.Build.0 = Debug|Any CPU
		{78BD3887-AF02-4742-9F09-67A509DF23F9}.Release|Any CPU.ActiveCfg = Release|Any CPU
		{78BD3887-AF02-4742-9F09-67A509DF23F9}.Release|Any CPU.Build.0 = Release|Any CPU
		{C8A9C978-885E-4D5C-86AC-61493CDD223E}.Debug|Any CPU.ActiveCfg = Debug|Any CPU
		{C8A9C978-885E-4D5C-86AC-61493CDD223E}.Debug|Any CPU.Build.0 = Debug|Any CPU
		{C8A9C978-885E-4D5C-86AC-61493CDD223E}.Release|Any CPU.ActiveCfg = Release|Any CPU
		{C8A9C978-885E-4D5C-86AC-61493CDD223E}.Release|Any CPU.Build.0 = Release|Any CPU
	EndGlobalSection
	GlobalSection(SolutionProperties) = preSolution
		HideSolutionNode = FALSE
	EndGlobalSection
	GlobalSection(ExtensibilityGlobals) = postSolution
		SolutionGuid = {FB1AA82F-B34B-41EE-8B41-4D94EB3136DA}
	EndGlobalSection
EndGlobal
